
Microsoft Visual Studio Solution File, Format Version 12.00
# Visual Studio Version 17
VisualStudioVersion = 17.5.002.0
MinimumVisualStudioVersion = 10.0.40219.1
Project("{9A19103F-16F7-4668-BE54-9A1E7A4F7556}") = "HastaKayitProjesi", "HastaKayitProjesi\HastaKayitProjesi.csproj", "{446C87F6-5C16-440A-AAF4-15F0E3634D87}"
EndProject
Global
	GlobalSection(SolutionConfigurationPlatforms) = preSolution
		Debug|Any CPU = Debug|Any CPU
		Release|Any CPU = Release|Any CPU
	EndGlobalSection
	GlobalSection(ProjectConfigurationPlatforms) = postSolution
		{446C87F6-5C16-440A-AAF4-15F0E3634D87}.Debug|Any CPU.ActiveCfg = Debug|Any CPU
		{446C87F6-5C16-440A-AAF4-15F0E3634D87}.Debug|Any CPU.Build.0 = Debug|Any CPU
		{446C87F6-5C16-440A-AAF4-15F0E3634D87}.Release|Any CPU.ActiveCfg = Release|Any CPU
		{446C87F6-5C16-440A-AAF4-15F0E3634D87}.Release|Any CPU.Build.0 = Release|Any CPU
	EndGlobalSection
	GlobalSection(SolutionProperties) = preSolution
		HideSolutionNode = FALSE
	EndGlobalSection
	GlobalSection(ExtensibilityGlobals) = postSolution
		SolutionGuid = {EC545B2F-90BF-44A1-BA88-D5662733BF51}
	EndGlobalSection
EndGlobal
